
Microsoft Visual Studio Solution File, Format Version 12.00
# Visual Studio Version 16
VisualStudioVersion = 16.0.32002.261
MinimumVisualStudioVersion = 10.0.40219.1
Project("{FAE04EC0-301F-11D3-BF4B-00C04F79EFBC}") = "MySQLFun", "MySQLFun\MySQLFun.csproj", "{47618471-26F1-45ED-8C2E-47ED63E00A3C}"
EndProject
Global
	GlobalSection(SolutionConfigurationPlatforms) = preSolution
		Debug|Any CPU = Debug|Any CPU
		Release|Any CPU = Release|Any CPU
	EndGlobalSection
	GlobalSection(ProjectConfigurationPlatforms) = postSolution
		{47618471-26F1-45ED-8C2E-47ED63E00A3C}.Debug|Any CPU.ActiveCfg = Debug|Any CPU
		{47618471-26F1-45ED-8C2E-47ED63E00A3C}.Debug|Any CPU.Build.0 = Debug|Any CPU
		{47618471-26F1-45ED-8C2E-47ED63E00A3C}.Release|Any CPU.ActiveCfg = Release|Any CPU
		{47618471-26F1-45ED-8C2E-47ED63E00A3C}.Release|Any CPU.Build.0 = Release|Any CPU
	EndGlobalSection
	GlobalSection(SolutionProperties) = preSolution
		HideSolutionNode = FALSE
	EndGlobalSection
	GlobalSection(ExtensibilityGlobals) = postSolution
		SolutionGuid = {328B9C1E-3BB1-47F4-8232-5C574E1BE40D}
	EndGlobalSection
EndGlobal
